
Microsoft Visual Studio Solution File, Format Version 12.00
# Visual Studio Version 17
VisualStudioVersion = 17.5.33516.290
MinimumVisualStudioVersion = 10.0.40219.1
Project("{FAE04EC0-301F-11D3-BF4B-00C04F79EFBC}") = "DesktopApplication", "DesktopApplication.csproj", "{0F8C9C71-ECF8-4339-BC52-43FDC3374633}"
EndProject
Global
	GlobalSection(SolutionConfigurationPlatforms) = preSolution
		Debug|Any CPU = Debug|Any CPU
		Release|Any CPU = Release|Any CPU
	EndGlobalSection
	GlobalSection(ProjectConfigurationPlatforms) = postSolution
		{0F8C9C71-ECF8-4339-BC52-43FDC3374633}.Debug|Any CPU.ActiveCfg = Debug|Any CPU
		{0F8C9C71-ECF8-4339-BC52-43FDC3374633}.Debug|Any CPU.Build.0 = Debug|Any CPU
		{0F8C9C71-ECF8-4339-BC52-43FDC3374633}.Release|Any CPU.ActiveCfg = Release|Any CPU
		{0F8C9C71-ECF8-4339-BC52-43FDC3374633}.Release|Any CPU.Build.0 = Release|Any CPU
	EndGlobalSection
	GlobalSection(SolutionProperties) = preSolution
		HideSolutionNode = FALSE
	EndGlobalSection
	GlobalSection(ExtensibilityGlobals) = postSolution
		SolutionGuid = {4268BA3C-05D2-411C-98EB-247672BF2DB5}
	EndGlobalSection
EndGlobal
